
Microsoft Visual Studio Solution File, Format Version 12.00
# Visual Studio Version 17
VisualStudioVersion = 17.7.34221.43
MinimumVisualStudioVersion = 10.0.40219.1
Project("{FAE04EC0-301F-11D3-BF4B-00C04F79EFBC}") = "Phase1Project1", "Phase1Project1\Phase1Project1.csproj", "{81573564-43B4-423F-A5EB-20351C5B82BD}"
EndProject
Global
	GlobalSection(SolutionConfigurationPlatforms) = preSolution
		Debug|Any CPU = Debug|Any CPU
		Release|Any CPU = Release|Any CPU
	EndGlobalSection
	GlobalSection(ProjectConfigurationPlatforms) = postSolution
		{81573564-43B4-423F-A5EB-20351C5B82BD}.Debug|Any CPU.ActiveCfg = Debug|Any CPU
		{81573564-43B4-423F-A5EB-20351C5B82BD}.Debug|Any CPU.Build.0 = Debug|Any CPU
		{81573564-43B4-423F-A5EB-20351C5B82BD}.Release|Any CPU.ActiveCfg = Release|Any CPU
		{81573564-43B4-423F-A5EB-20351C5B82BD}.Release|Any CPU.Build.0 = Release|Any CPU
	EndGlobalSection
	GlobalSection(SolutionProperties) = preSolution
		HideSolutionNode = FALSE
	EndGlobalSection
	GlobalSection(ExtensibilityGlobals) = postSolution
		SolutionGuid = {B50413BC-8097-47E9-B5C8-2C21DC34689E}
	EndGlobalSection
EndGlobal
